
Microsoft Visual Studio Solution File, Format Version 12.00
# Visual Studio Version 16
VisualStudioVersion = 25.0.1700.6
MinimumVisualStudioVersion = 10.0.40219.1
Project("{FAE04EC0-301F-11D3-BF4B-00C04F79EFBC}") = "SignalRChat_msgpack", "SignalRChat_msgpack.csproj", "{8D88F209-9236-44C2-AABE-39D572338771}"
EndProject
Global
	GlobalSection(SolutionConfigurationPlatforms) = preSolution
		Debug|Any CPU = Debug|Any CPU
		Release|Any CPU = Release|Any CPU
	EndGlobalSection
	GlobalSection(ProjectConfigurationPlatforms) = postSolution
		{8D88F209-9236-44C2-AABE-39D572338771}.Debug|Any CPU.ActiveCfg = Debug|Any CPU
		{8D88F209-9236-44C2-AABE-39D572338771}.Debug|Any CPU.Build.0 = Debug|Any CPU
		{8D88F209-9236-44C2-AABE-39D572338771}.Release|Any CPU.ActiveCfg = Release|Any CPU
		{8D88F209-9236-44C2-AABE-39D572338771}.Release|Any CPU.Build.0 = Release|Any CPU
	EndGlobalSection
	GlobalSection(SolutionProperties) = preSolution
		HideSolutionNode = FALSE
	EndGlobalSection
	GlobalSection(ExtensibilityGlobals) = postSolution
		SolutionGuid = {09DDEC28-2C33-45ED-BAE6-75F6933D87AF}
	EndGlobalSection
EndGlobal
